
Microsoft Visual Studio Solution File, Format Version 12.00
# Visual Studio 15
VisualStudioVersion = 15.0.27428.2002
MinimumVisualStudioVersion = 10.0.40219.1
Project("{9A19103F-16F7-4668-BE54-9A1E7A4F7556}") = "UnitTests", "UnitTests\UnitTests.csproj", "{5B0F2EB0-DA4A-49F3-90C9-AE91452957B5}"
EndProject
Project("{9A19103F-16F7-4668-BE54-9A1E7A4F7556}") = "Server", "Server\Server.csproj", "{197E6205-FE36-44CD-89DB-E5BC5965C363}"
EndProject
Global
	GlobalSection(SolutionConfigurationPlatforms) = preSolution
		Debug|Any CPU = Debug|Any CPU
		Debug|ARM = Debug|ARM
		Debug|x64 = Debug|x64
		Debug|x86 = Debug|x86
		Release|Any CPU = Release|Any CPU
		Release|ARM = Release|ARM
		Release|x64 = Release|x64
		Release|x86 = Release|x86
	EndGlobalSection
	GlobalSection(ProjectConfigurationPlatforms) = postSolution
		{5B0F2EB0-DA4A-49F3-90C9-AE91452957B5}.Debug|Any CPU.ActiveCfg = Debug|Any CPU
		{5B0F2EB0-DA4A-49F3-90C9-AE91452957B5}.Debug|Any CPU.Build.0 = Debug|Any CPU
		{5B0F2EB0-DA4A-49F3-90C9-AE91452957B5}.Debug|ARM.ActiveCfg = Debug|Any CPU
		{5B0F2EB0-DA4A-49F3-90C9-AE91452957B5}.Debug|ARM.Build.0 = Debug|Any CPU
		{5B0F2EB0-DA4A-49F3-90C9-AE91452957B5}.Debug|x64.ActiveCfg = Debug|Any CPU
		{5B0F2EB0-DA4A-49F3-90C9-AE91452957B5}.Debug|x64.Build.0 = Debug|Any CPU
		{5B0F2EB0-DA4A-49F3-90C9-AE91452957B5}.Debug|x86.ActiveCfg = Debug|Any CPU
		{5B0F2EB0-DA4A-49F3-90C9-AE91452957B5}.Debug|x86.Build.0 = Debug|Any CPU
		{5B0F2EB0-DA4A-49F3-90C9-AE91452957B5}.Release|Any CPU.ActiveCfg = Release|Any CPU
		{5B0F2EB0-DA4A-49F3-90C9-AE91452957B5}.Release|Any CPU.Build.0 = Release|Any CPU
		{5B0F2EB0-DA4A-49F3-90C9-AE91452957B5}.Release|ARM.ActiveCfg = Release|Any CPU
		{5B0F2EB0-DA4A-49F3-90C9-AE91452957B5}.Release|ARM.Build.0 = Release|Any CPU
		{5B0F2EB0-DA4A-49F3-90C9-AE91452957B5}.Release|x64.ActiveCfg = Release|Any CPU
		{5B0F2EB0-DA4A-49F3-90C9-AE91452957B5}.Release|x64.Build.0 = Release|Any CPU
		{5B0F2EB0-DA4A-49F3-90C9-AE91452957B5}.Release|x86.ActiveCfg = Release|Any CPU
		{5B0F2EB0-DA4A-49F3-90C9-AE91452957B5}.Release|x86.Build.0 = Release|Any CPU
		{197E6205-FE36-44CD-89DB-E5BC5965C363}.Debug|Any CPU.ActiveCfg = Debug|Any CPU
		{197E6205-FE36-44CD-89DB-E5BC5965C363}.Debug|Any CPU.Build.0 = Debug|Any CPU
		{197E6205-FE36-44CD-89DB-E5BC5965C363}.Debug|ARM.ActiveCfg = Debug|Any CPU
		{197E6205-FE36-44CD-89DB-E5BC5965C363}.Debug|ARM.Build.0 = Debug|Any CPU
		{197E6205-FE36-44CD-89DB-E5BC5965C363}.Debug|x64.ActiveCfg = Debug|Any CPU
		{197E6205-FE36-44CD-89DB-E5BC5965C363}.Debug|x64.Build.0 = Debug|Any CPU
		{197E6205-FE36-44CD-89DB-E5BC5965C363}.Debug|x86.ActiveCfg = Debug|Any CPU
		{197E6205-FE36-44CD-89DB-E5BC5965C363}.Debug|x86.Build.0 = Debug|Any CPU
		{197E6205-FE36-44CD-89DB-E5BC5965C363}.Release|Any CPU.ActiveCfg = Release|Any CPU
		{197E6205-FE36-44CD-89DB-E5BC5965C363}.Release|Any CPU.Build.0 = Release|Any CPU
		{197E6205-FE36-44CD-89DB-E5BC5965C363}.Release|ARM.ActiveCfg = Release|Any CPU
		{197E6205-FE36-44CD-89DB-E5BC5965C363}.Release|ARM.Build.0 = Release|Any CPU
		{197E6205-FE36-44CD-89DB-E5BC5965C363}.Release|x64.ActiveCfg = Release|Any CPU
		{197E6205-FE36-44CD-89DB-E5BC5965C363}.Release|x64.Build.0 = Release|Any CPU
		{197E6205-FE36-44CD-89DB-E5BC5965C363}.Release|x86.ActiveCfg = Release|Any CPU
		{197E6205-FE36-44CD-89DB-E5BC5965C363}.Release|x86.Build.0 = Release|Any CPU
	EndGlobalSection
	GlobalSection(SolutionProperties) = preSolution
		HideSolutionNode = FALSE
	EndGlobalSection
	GlobalSection(ExtensibilityGlobals) = postSolution
		SolutionGuid = {5D67E0E9-A252-4A24-ABD3-6785568AD0D1}
	EndGlobalSection
EndGlobal
